{
  "version": "2",
  "remote": {
    "https://deno.land/std@0.192.0/collections/filter_values.ts": "5b9feaf17b9a6e5ffccdd36cf6f38fa4ffa94cff2602d381c2ad0c2a97929652",
    "https://deno.land/std@0.192.0/collections/without_all.ts": "a89f5da0b5830defed4f59666e188df411d8fece35a5f6ca69be6ca71a95c185",
    "https://deno.land/std@0.192.0/dotenv/mod.ts": "f5a8123741d1561ae8184a7f043bc097b15132c5171c651142b804b6dbc21853",
    "https://deno.land/std@0.192.0/encoding/base64.ts": "144ae6234c1fbe5b68666c711dc15b1e9ee2aef6d42b3b4345bf9a6c91d70d0d",
    "https://deno.land/std@0.192.0/fmt/colors.ts": "d67e3cd9f472535241a8e410d33423980bec45047e343577554d3356e1f0ef4e",
    "https://deno.land/std@0.192.0/testing/_diff.ts": "1a3c044aedf77647d6cac86b798c6417603361b66b54c53331b312caeb447aea",
    "https://deno.land/std@0.192.0/testing/_format.ts": "a69126e8a469009adf4cf2a50af889aca364c349797e63174884a52ff75cf4c7",
    "https://deno.land/std@0.192.0/testing/asserts.ts": "e16d98b4d73ffc4ed498d717307a12500ae4f2cbe668f1a215632d19fcffc22f",
    "https://deno.land/std@0.196.0/assert/assert.ts": "9a97dad6d98c238938e7540736b826440ad8c1c1e54430ca4c4e623e585607ee",
    "https://deno.land/std@0.196.0/assert/assertion_error.ts": "4d0bde9b374dfbcbe8ac23f54f567b77024fb67dbb1906a852d67fe050d42f56",
    "https://deno.land/std@0.196.0/bytes/copy.ts": "939d89e302a9761dcf1d9c937c7711174ed74c59eef40a1e4569a05c9de88219",
    "https://deno.land/std@0.196.0/io/buffer.ts": "4d6883daeb2e698579c4064170515683d69f40f3de019bfe46c5cf31e74ae793",
    "https://deno.land/std@0.196.0/yaml/_dumper/dumper.ts": "a2c937a53a2b0473125a31a330334cc3f30e98fd82f8143bc225583d1260890b",
    "https://deno.land/std@0.196.0/yaml/_dumper/dumper_state.ts": "f0d0673ceea288334061ca34b63954c2bb5feb5bf6de5e4cfe9a942cdf6e5efe",
    "https://deno.land/std@0.196.0/yaml/_error.ts": "b59e2c76ce5a47b1b9fa0ff9f96c1dd92ea1e1b17ce4347ece5944a95c3c1a84",
    "https://deno.land/std@0.196.0/yaml/_loader/loader.ts": "47b9592efcb390b58b1903cc471bfdf1fc71a0d2d2b31e37b5cae7d8804c7aed",
    "https://deno.land/std@0.196.0/yaml/_loader/loader_state.ts": "0841870b467169269d7c2dfa75cd288c319bc06f65edd9e42c29e5fced91c7a4",
    "https://deno.land/std@0.196.0/yaml/_mark.ts": "dcd8585dee585e024475e9f3fe27d29740670fb64ebb970388094cad0fc11d5d",
    "https://deno.land/std@0.196.0/yaml/_state.ts": "ef03d55ec235d48dcfbecc0ab3ade90bfae69a61094846e08003421c2cf5cfc6",
    "https://deno.land/std@0.196.0/yaml/_type/binary.ts": "d34d8c8d8ed521e270cfede3401c425b971af4f6c69da1e2cb32b172d42c7da7",
    "https://deno.land/std@0.196.0/yaml/_type/bool.ts": "5bfa75da84343d45347b521ba4e5aeace9fe6f53447405290d53315a3fc20e66",
    "https://deno.land/std@0.196.0/yaml/_type/float.ts": "056bd3cb9c5586238b20517511014fb24b0e36f98f9f6073e12da308b6b9808a",
    "https://deno.land/std@0.196.0/yaml/_type/function.ts": "ff574fe84a750695302864e1c31b93f12d14ada4bde79a5f93197fc33ad17471",
    "https://deno.land/std@0.196.0/yaml/_type/int.ts": "563ad074f0fa7aecf6b6c3d84135bcc95a8269dcc15de878de20ce868fd773fa",
    "https://deno.land/std@0.196.0/yaml/_type/map.ts": "7b105e4ab03a361c61e7e335a0baf4d40f06460b13920e5af3fb2783a1464000",
    "https://deno.land/std@0.196.0/yaml/_type/merge.ts": "8192bf3e4d637f32567917f48bb276043da9cf729cf594e5ec191f7cd229337e",
    "https://deno.land/std@0.196.0/yaml/_type/mod.ts": "060e2b3d38725094b77ea3a3f05fc7e671fced8e67ca18e525be98c4aa8f4bbb",
    "https://deno.land/std@0.196.0/yaml/_type/nil.ts": "606e8f0c44d73117c81abec822f89ef81e40f712258c74f186baa1af659b8887",
    "https://deno.land/std@0.196.0/yaml/_type/omap.ts": "cfe59a294726f5cea705c39a61fd2b08199cf48f4ccd6b040cb550ec0f38d0a1",
    "https://deno.land/std@0.196.0/yaml/_type/pairs.ts": "0032fdfe57558d21696a4f8cf5b5cfd1f698743177080affc18629685c905666",
    "https://deno.land/std@0.196.0/yaml/_type/regexp.ts": "1ce118de15b2da43b4bd8e4395f42d448b731acf3bdaf7c888f40789f9a95f8b",
    "https://deno.land/std@0.196.0/yaml/_type/seq.ts": "95333abeec8a7e4d967b8c8328b269e342a4bbdd2585395549b9c4f58c8533a2",
    "https://deno.land/std@0.196.0/yaml/_type/set.ts": "f28ba44e632ef2a6eb580486fd47a460445eeddbdf1dbc739c3e62486f566092",
    "https://deno.land/std@0.196.0/yaml/_type/str.ts": "a67a3c6e429d95041399e964015511779b1130ea5889fa257c48457bd3446e31",
    "https://deno.land/std@0.196.0/yaml/_type/timestamp.ts": "706ea80a76a73e48efaeb400ace087da1f927647b53ad6f754f4e06d51af087f",
    "https://deno.land/std@0.196.0/yaml/_type/undefined.ts": "94a316ca450597ccbc6750cbd79097ad0d5f3a019797eed3c841a040c29540ba",
    "https://deno.land/std@0.196.0/yaml/_utils.ts": "26b311f0d42a7ce025060bd6320a68b50e52fd24a839581eb31734cd48e20393",
    "https://deno.land/std@0.196.0/yaml/mod.ts": "28ecda6652f3e7a7735ee29c247bfbd32a2e2fc5724068e9fd173ec4e59f66f7",
    "https://deno.land/std@0.196.0/yaml/parse.ts": "1fbbda572bf3fff578b6482c0d8b85097a38de3176bf3ab2ca70c25fb0c960ef",
    "https://deno.land/std@0.196.0/yaml/schema.ts": "96908b78dc50c340074b93fc1598d5e7e2fe59103f89ff81e5a49b2dedf77a67",
    "https://deno.land/std@0.196.0/yaml/schema/core.ts": "fa406f18ceedc87a50e28bb90ec7a4c09eebb337f94ef17468349794fa828639",
    "https://deno.land/std@0.196.0/yaml/schema/default.ts": "0047e80ae8a4a93293bc4c557ae8a546aabd46bb7165b9d9b940d57b4d88bde9",
    "https://deno.land/std@0.196.0/yaml/schema/extended.ts": "0784416bf062d20a1626b53c03380e265b3e39b9409afb9f4cb7d659fd71e60d",
    "https://deno.land/std@0.196.0/yaml/schema/failsafe.ts": "d219ab5febc43f770917d8ec37735a4b1ad671149846cbdcade767832b42b92b",
    "https://deno.land/std@0.196.0/yaml/schema/json.ts": "5f41dd7c2f1ad545ef6238633ce9ee3d444dfc5a18101e1768bd5504bf90e5e5",
    "https://deno.land/std@0.196.0/yaml/schema/mod.ts": "4472e827bab5025e92bc2eb2eeefa70ecbefc64b2799b765c69af84822efef32",
    "https://deno.land/std@0.196.0/yaml/stringify.ts": "fffc09c65c68d3d63f8159e8cbaa3f489bc20a8e55b4fbb61a8c2e9f914d1d02",
    "https://deno.land/std@0.196.0/yaml/type.ts": "1aabb8e0a3f4229ce0a3526256f68826d9bdf65a36c8a3890ead8011fcba7670",
    "https://esm.sh/cheerio@1.0.0-rc.12": "1f645f43604a47af7877280273f24e9c314d242e840ee361b6fb6370dd2d8ad9",
    "https://esm.sh/v126/boolbase@1.0.0/denonext/boolbase.mjs": "4e3bd67e9b1c5c55094eae98345d0107c6a44ef57bd3d4b9579698fa44722280",
    "https://esm.sh/v126/cheerio-select@2.1.0/denonext/cheerio-select.mjs": "47b5e6f9a720bb8276d3cfc4c31faf86acdb270757e2def75db525db2c80e8f4",
    "https://esm.sh/v126/cheerio-select@2.1.0/lib/index.d.ts": "bae46aaa33987591e9fc3a69f0f03761d5b65c7d2fb115e4086fc14b8b05bf9c",
    "https://esm.sh/v126/cheerio@1.0.0-rc.12/denonext/cheerio.mjs": "7a7bddfff2fa2b2217606e82c14fd5fea11be14349724a7b6eb206d0994631da",
    "https://esm.sh/v126/cheerio@1.0.0-rc.12/lib/api/attributes.d.ts": "9b7569edf472a27e733b3744fe06f9220adbc3af46bb7c49b9aa865c6dbec9c0",
    "https://esm.sh/v126/cheerio@1.0.0-rc.12/lib/api/css.d.ts": "c3ab1aae5e6f5897493511deefcd31446d4f74c7c4f7bd80572158ca9a7c1579",
    "https://esm.sh/v126/cheerio@1.0.0-rc.12/lib/api/forms.d.ts": "ff45aead85aa1b2dbf08910d10474e08e679f70eaef439a9edc41546c0d0d5f8",
    "https://esm.sh/v126/cheerio@1.0.0-rc.12/lib/api/manipulation.d.ts": "4d345f12da917da67012696142bd76d36dfbccab396ea4b53c297d5e27f451e9",
    "https://esm.sh/v126/cheerio@1.0.0-rc.12/lib/api/traversing.d.ts": "c53a80506fbae555d2c8b93337f69b3bf9ee5769c74511c8f410453394e0287d",
    "https://esm.sh/v126/cheerio@1.0.0-rc.12/lib/cheerio.d.ts": "3dd8359b742f107c9230f039d20cb670c8162d9f05e2e7517afb226a96f7df20",
    "https://esm.sh/v126/cheerio@1.0.0-rc.12/lib/index.d.ts": "1d27f02684d6125f67ee96094835962fd01f61f28f55d36448d310e9dcc5e9dd",
    "https://esm.sh/v126/cheerio@1.0.0-rc.12/lib/load.d.ts": "f4edfbc24d24dd7050c1f19ef4e759cb8c1af2c4670b15ec4f48a1804e770668",
    "https://esm.sh/v126/cheerio@1.0.0-rc.12/lib/options.d.ts": "b5cb201c0a7c99a03f27ef1f1dd29caf4fb67f56bb3ef0630bfb5e58132e5d60",
    "https://esm.sh/v126/cheerio@1.0.0-rc.12/lib/static.d.ts": "cf2ec652d5f91ddab57c19e53070d2b6aedc21eaac0bb6012aa2754b2e223c18",
    "https://esm.sh/v126/cheerio@1.0.0-rc.12/lib/types.d.ts": "6d48a08dc3b650c7c64acc7e0661372f7e5a8501c619870fa1f19b1b191fad08",
    "https://esm.sh/v126/css-select@5.1.0/denonext/css-select.mjs": "8a1df6c341def0d988f499e741a938996b4b7fb225d64306ea142b0a2f40f6db",
    "https://esm.sh/v126/css-select@5.1.0/lib/index.d.ts": "9405c5ed7a6cec7bc1c1ee0bad2f624dfe6a929bf4c6d4aca4f9d435e6237d6e",
    "https://esm.sh/v126/css-select@5.1.0/lib/pseudo-selectors/aliases.d.ts": "22cfc60f2b8fcaf300f1bcc8f53b97bd9fbefd5da9f298979709ceaa04e26b45",
    "https://esm.sh/v126/css-select@5.1.0/lib/pseudo-selectors/filters.d.ts": "a16a447cc2feb1b687f577635d06eb13d4da54cd822c6a29497ff699b4fce7b8",
    "https://esm.sh/v126/css-select@5.1.0/lib/pseudo-selectors/index.d.ts": "dc7533305ccfcd5afc6ff40f163f0c42b6e7e729187e0d69066016ff67314fff",
    "https://esm.sh/v126/css-select@5.1.0/lib/pseudo-selectors/pseudos.d.ts": "121186d08b3ab47e1e66287d71d1a73eb6b972d2cc1587c717051f5b6b862834",
    "https://esm.sh/v126/css-select@5.1.0/lib/types.d.ts": "8dd82a757f614ae126bc25470e90155237d9329bb32703a6c01d6e33a2aefc31",
    "https://esm.sh/v126/css-what@6.1.0/denonext/css-what.mjs": "283d02df6fef73d3223b55324b559b363dd0e4c008ea1efbcf9f14b8f2642202",
    "https://esm.sh/v126/css-what@6.1.0/lib/es/index.d.ts": "dd85117592208130bfbcff4bf22b517783bcce8fc8521a5881783d33701e1f8a",
    "https://esm.sh/v126/css-what@6.1.0/lib/es/parse.d.ts": "0f32c1fca455670db2f6fac2b04e5a05b7b73ad2eae781d1fafb64d24dc65c64",
    "https://esm.sh/v126/css-what@6.1.0/lib/es/stringify.d.ts": "ff26d3761151ef55a86489fc64aea60dedbab92e37321a4c7e7fe91785535209",
    "https://esm.sh/v126/css-what@6.1.0/lib/es/types.d.ts": "65e53618d67a1da2db60d5a47ac408e642468faa6b179935d528b9d43a760177",
    "https://esm.sh/v126/dom-serializer@2.0.0/denonext/dom-serializer.mjs": "5936dce2cffc538aadba3f16dae1d4cb79bfe1135ccdd7f70d242a60c8851b14",
    "https://esm.sh/v126/dom-serializer@2.0.0/lib/index.d.ts": "a6d3c5714a72be6f9c37d278da835e00511187664578daf8b9180600654df647",
    "https://esm.sh/v126/domelementtype@2.3.0/denonext/domelementtype.mjs": "371936c356d5ac797f2ce3a66b98dfc73e6fff0e095b2858b85668e6ad7d10e0",
    "https://esm.sh/v126/domelementtype@2.3.0/lib/index.d.ts": "e307d69c2e131e39db6038b4bd51916c6cd787e01d730ad0c28c60491d0accf2",
    "https://esm.sh/v126/domhandler@5.0.3/denonext/domhandler.mjs": "e7c358a00e72f53765dc42250990cabf535a758d0d67c30ed1bf27281b244448",
    "https://esm.sh/v126/domhandler@5.0.3/lib/index.d.ts": "587a74d5be3d1ff7904170380e0a40e69ca29c3186e88c9f360462a920051348",
    "https://esm.sh/v126/domhandler@5.0.3/lib/node.d.ts": "0a65b059bbe31600d3efb37106a8730cbde7021d1d296f464ae3b2bdaea347be",
    "https://esm.sh/v126/domutils@3.1.0/denonext/domutils.mjs": "199641d551b7bf9cfad3b7a646030edd8c7052d1f3869372467472a02f6f4ec0",
    "https://esm.sh/v126/domutils@3.1.0/lib/feeds.d.ts": "ed30ab940aa6dea919b9f13def6a3ccdf05aa2521fc3f39e268ddb77469ff2e7",
    "https://esm.sh/v126/domutils@3.1.0/lib/helpers.d.ts": "012a683ad8a5bbb48900fd501d9e52e8aef24de25d83d815c3cbf0a85b95d892",
    "https://esm.sh/v126/domutils@3.1.0/lib/index.d.ts": "533dad91e00e48cff10b43db5a0faf626aaf9307a550da2c4688ef429349dc58",
    "https://esm.sh/v126/domutils@3.1.0/lib/legacy.d.ts": "03385193afb5989ccb2880cb87262207b18f8dd6176f621ee0e45913df882732",
    "https://esm.sh/v126/domutils@3.1.0/lib/manipulation.d.ts": "0930a101d0b03f964bc3965116bee1c3dc362c4e5c08a9100c260ae113de17a8",
    "https://esm.sh/v126/domutils@3.1.0/lib/querying.d.ts": "90280acad1e3b35472cd37310d0dfd4feb406a4cd9f4cf30a248c16c34bb3c28",
    "https://esm.sh/v126/domutils@3.1.0/lib/stringify.d.ts": "edae37494563b8e7c4c238e6e9c523840f64b3ea925e35ddbc2ac1f1d6ceb8f8",
    "https://esm.sh/v126/domutils@3.1.0/lib/traversal.d.ts": "648e5afbe303f037ded1d541b6b7d6a1f5a2530cea190c72a40f044260446406",
    "https://esm.sh/v126/entities@4.5.0/denonext/entities.mjs": "e491f306bcd67703da07e7a4364656fc109d55cc871422c282ed7829b8bfbfab",
    "https://esm.sh/v126/entities@4.5.0/denonext/lib/decode.js": "7fea6d8bd725edbbf7ea05031d2ea1bbbc1166dc11e3345d541198dd2dc16f1e",
    "https://esm.sh/v126/entities@4.5.0/denonext/lib/escape.js": "7ebdc622bf3618bab25db40da4a49e2b9d03f044745f125f0bc3359f2d060def",
    "https://esm.sh/v126/htmlparser2@8.0.2/denonext/htmlparser2.mjs": "13bcd6a15d9ecc996d43460fdc1ff485a45369d05abb94a7e718a568029de6e9",
    "https://esm.sh/v126/htmlparser2@8.0.2/lib/Parser.d.ts": "6a80f8277a19c60ab25d2d8d89630dbfb5fbf7219c6f2b5c648c9c365ae967b5",
    "https://esm.sh/v126/htmlparser2@8.0.2/lib/Tokenizer.d.ts": "41787f4904cb436cf92cba22f574829aeb7a527138e1dd228a2084e796c11bb8",
    "https://esm.sh/v126/htmlparser2@8.0.2/lib/index.d.ts": "6363ac0b80e3bf8b7fbf5b3379ce9d8d4fd7f69f479f8954411bc34d4ea2949a",
    "https://esm.sh/v126/node.ns.d.ts": "0fb081f0cd2150931bd54baa04f31466abd9ca701fd9060d07931402cf8367ba",
    "https://esm.sh/v126/nth-check@2.1.1/denonext/nth-check.mjs": "fa54839b9773d4541bcd0b639715c38406e234ef1e819b97479546b0a98776f1",
    "https://esm.sh/v126/parse5-htmlparser2-tree-adapter@7.0.0/denonext/parse5-htmlparser2-tree-adapter.mjs": "87effa1eb63f7c14aca1fa9c9fbe18e95f946e1863281b154f4de2b2f1ef6fab",
    "https://esm.sh/v126/parse5@7.1.2/denonext/parse5.mjs": "6a186c0ad98e0ad1adb56d7cbfab2a036222511eeeb7dec6f2c87e4d76807a26"
  },
  "npm": {
    "specifiers": {
      "@types/node": "@types/node@18.11.9"
    },
    "packages": {
      "@types/node@18.11.9": {
        "integrity": "sha512-CRpX21/kGdzjOpFsZSkcrXMGIBWMGNIHXXBVFSH+ggkftxg+XYP20TESbh+zFvFj3EQOl5byk0HTRn1IL6hbqg==",
        "dependencies": {}
      }
    }
  }
}
